
Microsoft Visual Studio Solution File, Format Version 12.00
# Visual Studio Version 16
VisualStudioVersion = 16.0.30611.23
MinimumVisualStudioVersion = 10.0.40219.1
Project("{FAE04EC0-301F-11D3-BF4B-00C04F79EFBC}") = "TrigCalc2", "TrigCalc2.csproj", "{4B2F8E38-40DB-41EA-9F72-B2C7161CBEF0}"
EndProject
Global
	GlobalSection(SolutionConfigurationPlatforms) = preSolution
		Debug|Any CPU = Debug|Any CPU
		Release|Any CPU = Release|Any CPU
	EndGlobalSection
	GlobalSection(ProjectConfigurationPlatforms) = postSolution
		{4B2F8E38-40DB-41EA-9F72-B2C7161CBEF0}.Debug|Any CPU.ActiveCfg = Debug|Any CPU
		{4B2F8E38-40DB-41EA-9F72-B2C7161CBEF0}.Debug|Any CPU.Build.0 = Debug|Any CPU
		{4B2F8E38-40DB-41EA-9F72-B2C7161CBEF0}.Release|Any CPU.ActiveCfg = Release|Any CPU
		{4B2F8E38-40DB-41EA-9F72-B2C7161CBEF0}.Release|Any CPU.Build.0 = Release|Any CPU
	EndGlobalSection
	GlobalSection(SolutionProperties) = preSolution
		HideSolutionNode = FALSE
	EndGlobalSection
	GlobalSection(ExtensibilityGlobals) = postSolution
		SolutionGuid = {A71DEBD7-D5F8-4DA2-8978-5BE1F535ED8B}
	EndGlobalSection
EndGlobal
